// !$*UTF8*$!
{
	archiveVersion = 1;
	classes = {
	};
	objectVersion = 50;
	objects = {

/* Begin PBXBuildFile section */
		BF46F34F2658D8250032626B /* AppDelegate.swift in Sources */ = {isa = PBXBuildFile; fileRef = BF46F34E2658D8250032626B /* AppDelegate.swift */; };
		BF46F3512658D8250032626B /* SceneDelegate.swift in Sources */ = {isa = PBXBuildFile; fileRef = BF46F3502658D8250032626B /* SceneDelegate.swift */; };
		BF46F3532658D8250032626B /* ViewController.swift in Sources */ = {isa = PBXBuildFile; fileRef = BF46F3522658D8250032626B /* ViewController.swift */; };
		BF46F3582658D8290032626B /* Assets.xcassets in Resources */ = {isa = PBXBuildFile; fileRef = BF46F3572658D8290032626B /* Assets.xcassets */; };
		BF46F35B2658D8290032626B /* LaunchScreen.storyboard in Resources */ = {isa = PBXBuildFile; fileRef = BF46F3592658D8290032626B /* LaunchScreen.storyboard */; };
		BF46F368265958FC0032626B /* CoinData.swift in Sources */ = {isa = PBXBuildFile; fileRef = BF46F365265958FC0032626B /* CoinData.swift */; };
		BF46F369265958FC0032626B /* CoinManager.swift in Sources */ = {isa = PBXBuildFile; fileRef = BF46F366265958FC0032626B /* CoinManager.swift */; };
		BF46F36A265958FC0032626B /* CoinModel.swift in Sources */ = {isa = PBXBuildFile; fileRef = BF46F367265958FC0032626B /* CoinModel.swift */; };
		BF46F36E2659597B0032626B /* APIKeys.swift in Sources */ = {isa = PBXBuildFile; fileRef = BF46F36D2659597B0032626B /* APIKeys.swift */; };
		BF46F37026595A0D0032626B /* Main.storyboard in Resources */ = {isa = PBXBuildFile; fileRef = BF46F36F26595A0D0032626B /* Main.storyboard */; };
/* End PBXBuildFile section */

/* Begin PBXFileReference section */
		BF46F34B2658D8250032626B /* bitCon.app */ = {isa = PBXFileReference; explicitFileType = wrapper.application; includeInIndex = 0; path = bitCon.app; sourceTree = BUILT_PRODUCTS_DIR; };
		BF46F34E2658D8250032626B /* AppDelegate.swift */ = {isa = PBXFileReference; lastKnownFileType = sourcecode.swift; path = AppDelegate.swift; sourceTree = "<group>"; };
		BF46F3502658D8250032626B /* SceneDelegate.swift */ = {isa = PBXFileReference; lastKnownFileType = sourcecode.swift; path = SceneDelegate.swift; sourceTree = "<group>"; };
		BF46F3522658D8250032626B /* ViewController.swift */ = {isa = PBXFileReference; lastKnownFileType = sourcecode.swift; path = ViewController.swift; sourceTree = "<group>"; };
		BF46F3572658D8290032626B /* Assets.xcassets */ = {isa = PBXFileReference; lastKnownFileType = folder.assetcatalog; path = Assets.xcassets; sourceTree = "<group>"; };
		BF46F35A2658D8290032626B /* Base */ = {isa = PBXFileReference; lastKnownFileType = file.storyboard; name = Base; path = Base.lproj/LaunchScreen.storyboard; sourceTree = "<group>"; };
		BF46F35C2658D8290032626B /* Info.plist */ = {isa = PBXFileReference; lastKnownFileType = text.plist.xml; path = Info.plist; sourceTree = "<group>"; };
		BF46F365265958FC0032626B /* CoinData.swift */ = {isa = PBXFileReference; fileEncoding = 4; lastKnownFileType = sourcecode.swift; path = CoinData.swift; sourceTree = "<group>"; };
		BF46F366265958FC0032626B /* CoinManager.swift */ = {isa = PBXFileReference; fileEncoding = 4; lastKnownFileType = sourcecode.swift; path = CoinManager.swift; sourceTree = "<group>"; };
		BF46F367265958FC0032626B /* CoinModel.swift */ = {isa = PBXFileReference; fileEncoding = 4; lastKnownFileType = sourcecode.swift; path = CoinModel.swift; sourceTree = "<group>"; };
		BF46F36D2659597B0032626B /* APIKeys.swift */ = {isa = PBXFileReference; lastKnownFileType = sourcecode.swift; path = APIKeys.swift; sourceTree = "<group>"; };
		BF46F36F26595A0D0032626B /* Main.storyboard */ = {isa = PBXFileReference; fileEncoding = 4; lastKnownFileType = file.storyboard; path = Main.storyboard; sourceTree = "<group>"; };
/* End PBXFileReference section */

/* Begin PBXFrameworksBuildPhase section */
		BF46F3482658D8250032626B /* Frameworks */ = {
			isa = PBXFrameworksBuildPhase;
			buildActionMask = 2147483647;
			files = (
			);
			runOnlyForDeploymentPostprocessing = 0;
		};
/* End PBXFrameworksBuildPhase section */

/* Begin PBXGroup section */
		BF46F3422658D8250032626B = {
			isa = PBXGroup;
			children = (
				BF46F34D2658D8250032626B /* bitCon */,
				BF46F34C2658D8250032626B /* Products */,
			);
			sourceTree = "<group>";
		};
		BF46F34C2658D8250032626B /* Products */ = {
			isa = PBXGroup;
			children = (
				BF46F34B2658D8250032626B /* bitCon.app */,
			);
			name = Products;
			sourceTree = "<group>";
		};
		BF46F34D2658D8250032626B /* bitCon */ = {
			isa = PBXGroup;
			children = (
				BF46F34E2658D8250032626B /* AppDelegate.swift */,
				BF46F3502658D8250032626B /* SceneDelegate.swift */,
				BF46F36C2659596F0032626B /* APIKeys */,
				BF46F36B265959010032626B /* Controller */,
				BF46F364265958EA0032626B /* Model */,
				BF46F3572658D8290032626B /* Assets.xcassets */,
				BF46F3592658D8290032626B /* LaunchScreen.storyboard */,
				BF46F36F26595A0D0032626B /* Main.storyboard */,
				BF46F35C2658D8290032626B /* Info.plist */,
			);
			path = bitCon;
			sourceTree = "<group>";
		};
		BF46F364265958EA0032626B /* Model */ = {
			isa = PBXGroup;
			children = (
				BF46F365265958FC0032626B /* CoinData.swift */,
				BF46F366265958FC0032626B /* CoinManager.swift */,
				BF46F367265958FC0032626B /* CoinModel.swift */,
			);
			path = Model;
			sourceTree = "<group>";
		};
		BF46F36B265959010032626B /* Controller */ = {
			isa = PBXGroup;
			children = (
				BF46F3522658D8250032626B /* ViewController.swift */,
			);
			path = Controller;
			sourceTree = "<group>";
		};
		BF46F36C2659596F0032626B /* APIKeys */ = {
			isa = PBXGroup;
			children = (
				BF46F36D2659597B0032626B /* APIKeys.swift */,
			);
			path = APIKeys;
			sourceTree = "<group>";
		};
/* End PBXGroup section */

/* Begin PBXNativeTarget section */
		BF46F34A2658D8250032626B /* bitCon */ = {
			isa = PBXNativeTarget;
			buildConfigurationList = BF46F35F2658D8290032626B /* Build configuration list for PBXNativeTarget "bitCon" */;
			buildPhases = (
				BF46F3472658D8250032626B /* Sources */,
				BF46F3482658D8250032626B /* Frameworks */,
				BF46F3492658D8250032626B /* Resources */,
			);
			buildRules = (
			);
			dependencies = (
			);
			name = bitCon;
			productName = bitCon;
			productReference = BF46F34B2658D8250032626B /* bitCon.app */;
			productType = "com.apple.product-type.application";
		};
/* End PBXNativeTarget section */

/* Begin PBXProject section */
		BF46F3432658D8250032626B /* Project object */ = {
			isa = PBXProject;
			attributes = {
				LastSwiftUpdateCheck = 1250;
				LastUpgradeCheck = 1250;
				TargetAttributes = {
					BF46F34A2658D8250032626B = {
						CreatedOnToolsVersion = 12.5;
					};
				};
			};
			buildConfigurationList = BF46F3462658D8250032626B /* Build configuration list for PBXProject "bitCon" */;
			compatibilityVersion = "Xcode 9.3";
			developmentRegion = en;
			hasScannedForEncodings = 0;
			knownRegions = (
				en,
				Base,
			);
			mainGroup = BF46F3422658D8250032626B;
			productRefGroup = BF46F34C2658D8250032626B /* Products */;
			projectDirPath = "";
			projectRoot = "";
			targets = (
				BF46F34A2658D8250032626B /* bitCon */,
			);
		};
/* End PBXProject section */

/* Begin PBXResourcesBuildPhase section */
		BF46F3492658D8250032626B /* Resources */ = {
			isa = PBXResourcesBuildPhase;
			buildActionMask = 2147483647;
			files = (
				BF46F37026595A0D0032626B /* Main.storyboard in Resources */,
				BF46F35B2658D8290032626B /* LaunchScreen.storyboard in Resources */,
				BF46F3582658D8290032626B /* Assets.xcassets in Resources */,
			);
			runOnlyForDeploymentPostprocessing = 0;
		};
/* End PBXResourcesBuildPhase section */

/* Begin PBXSourcesBuildPhase section */
		BF46F3472658D8250032626B /* Sources */ = {
			isa = PBXSourcesBuildPhase;
			buildActionMask = 2147483647;
			files = (
				BF46F368265958FC0032626B /* CoinData.swift in Sources */,
				BF46F3532658D8250032626B /* ViewController.swift in Sources */,
				BF46F36E2659597B0032626B /* APIKeys.swift in Sources */,
				BF46F34F2658D8250032626B /* AppDelegate.swift in Sources */,
				BF46F3512658D8250032626B /* SceneDelegate.swift in Sources */,
				BF46F36A265958FC0032626B /* CoinModel.swift in Sources */,
				BF46F369265958FC0032626B /* CoinManager.swift in Sources */,
			);
			runOnlyForDeploymentPostprocessing = 0;
		};
/* End PBXSourcesBuildPhase section */

/* Begin PBXVariantGroup section */
		BF46F3592658D8290032626B /* LaunchScreen.storyboard */ = {
			isa = PBXVariantGroup;
			children = (
				BF46F35A2658D8290032626B /* Base */,
			);
			name = LaunchScreen.storyboard;
			sourceTree = "<group>";
		};
/* End PBXVariantGroup section */

/* Begin XCBuildConfiguration section */
		BF46F35D2658D8290032626B /* Debug */ = {
			isa = XCBuildConfiguration;
			buildSettings = {
				ALWAYS_SEARCH_USER_PATHS = NO;
				CLANG_ANALYZER_NONNULL = YES;
				CLANG_ANALYZER_NUMBER_OBJECT_CONVERSION = YES_AGGRESSIVE;
				CLANG_CXX_LANGUAGE_STANDARD = "gnu++14";
				CLANG_CXX_LIBRARY = "libc++";
				CLANG_ENABLE_MODULES = YES;
				CLANG_ENABLE_OBJC_ARC = YES;
				CLANG_ENABLE_OBJC_WEAK = YES;
				CLANG_WARN_BLOCK_CAPTURE_AUTORELEASING = YES;
				CLANG_WARN_BOOL_CONVERSION = YES;
				CLANG_WARN_COMMA = YES;
				CLANG_WARN_CONSTANT_CONVERSION = YES;
				CLANG_WARN_DEPRECATED_OBJC_IMPLEMENTATIONS = YES;
				CLANG_WARN_DIRECT_OBJC_ISA_USAGE = YES_ERROR;
				CLANG_WARN_DOCUMENTATION_COMMENTS = YES;
				CLANG_WARN_EMPTY_BODY = YES;
				CLANG_WARN_ENUM_CONVERSION = YES;
				CLANG_WARN_INFINITE_RECURSION = YES;
				CLANG_WARN_INT_CONVERSION = YES;
				CLANG_WARN_NON_LITERAL_NULL_CONVERSION = YES;
				CLANG_WARN_OBJC_IMPLICIT_RETAIN_SELF = YES;
				CLANG_WARN_OBJC_LITERAL_CONVERSION = YES;
				CLANG_WARN_OBJC_ROOT_CLASS = YES_ERROR;
				CLANG_WARN_QUOTED_INCLUDE_IN_FRAMEWORK_HEADER = YES;
				CLANG_WARN_RANGE_LOOP_ANALYSIS = YES;
				CLANG_WARN_STRICT_PROTOTYPES = YES;
				CLANG_WARN_SUSPICIOUS_MOVE = YES;
				CLANG_WARN_UNGUARDED_AVAILABILITY = YES_AGGRESSIVE;
				CLANG_WARN_UNREACHABLE_CODE = YES;
				CLANG_WARN__DUPLICATE_METHOD_MATCH = YES;
				COPY_PHASE_STRIP = NO;
				DEBUG_INFORMATION_FORMAT = dwarf;
				ENABLE_STRICT_OBJC_MSGSEND = YES;
				ENABLE_TESTABILITY = YES;
				GCC_C_LANGUAGE_STANDARD = gnu11;
				GCC_DYNAMIC_NO_PIC = NO;
				GCC_NO_COMMON_BLOCKS = YES;
				GCC_OPTIMIZATION_LEVEL = 0;
				GCC_PREPROCESSOR_DEFINITIONS = (
					"DEBUG=1",
					"$(inherited)",
				);
				GCC_WARN_64_TO_32_BIT_CONVERSION = YES;
				GCC_WARN_ABOUT_RETURN_TYPE = YES_ERROR;
				GCC_WARN_UNDECLARED_SELECTOR = YES;
				GCC_WARN_UNINITIALIZED_AUTOS = YES_AGGRESSIVE;
				GCC_WARN_UNUSED_FUNCTION = YES;
				GCC_WARN_UNUSED_VARIABLE = YES;
				IPHONEOS_DEPLOYMENT_TARGET = 14.5;
				MTL_ENABLE_DEBUG_INFO = INCLUDE_SOURCE;
				MTL_FAST_MATH = YES;
				ONLY_ACTIVE_ARCH = YES;
				SDKROOT = iphoneos;
				SWIFT_ACTIVE_COMPILATION_CONDITIONS = DEBUG;
				SWIFT_OPTIMIZATION_LEVEL = "-Onone";
			};
			name = Debug;
		};
		BF46F35E2658D8290032626B /* Release */ = {
			isa = XCBuildConfiguration;
			buildSettings = {
				ALWAYS_SEARCH_USER_PATHS = NO;
				CLANG_ANALYZER_NONNULL = YES;
				CLANG_ANALYZER_NUMBER_OBJECT_CONVERSION = YES_AGGRESSIVE;
				CLANG_CXX_LANGUAGE_STANDARD = "gnu++14";
				CLANG_CXX_LIBRARY = "libc++";
				CLANG_ENABLE_MODULES = YES;
				CLANG_ENABLE_OBJC_ARC = YES;
				CLANG_ENABLE_OBJC_WEAK = YES;
				CLANG_WARN_BLOCK_CAPTURE_AUTORELEASING = YES;
				CLANG_WARN_BOOL_CONVERSION = YES;
				CLANG_WARN_COMMA = YES;
				CLANG_WARN_CONSTANT_CONVERSION = YES;
				CLANG_WARN_DEPRECATED_OBJC_IMPLEMENTATIONS = YES;
				CLANG_WARN_DIRECT_OBJC_ISA_USAGE = YES_ERROR;
				CLANG_WARN_DOCUMENTATION_COMMENTS = YES;
				CLANG_WARN_EMPTY_BODY = YES;
				CLANG_WARN_ENUM_CONVERSION = YES;
				CLANG_WARN_INFINITE_RECURSION = YES;
				CLANG_WARN_INT_CONVERSION = YES;
				CLANG_WARN_NON_LITERAL_NULL_CONVERSION = YES;
				CLANG_WARN_OBJC_IMPLICIT_RETAIN_SELF = YES;
				CLANG_WARN_OBJC_LITERAL_CONVERSION = YES;
				CLANG_WARN_OBJC_ROOT_CLASS = YES_ERROR;
				CLANG_WARN_QUOTED_INCLUDE_IN_FRAMEWORK_HEADER = YES;
				CLANG_WARN_RANGE_LOOP_ANALYSIS = YES;
				CLANG_WARN_STRICT_PROTOTYPES = YES;
				CLANG_WARN_SUSPICIOUS_MOVE = YES;
				CLANG_WARN_UNGUARDED_AVAILABILITY = YES_AGGRESSIVE;
				CLANG_WARN_UNREACHABLE_CODE = YES;
				CLANG_WARN__DUPLICATE_METHOD_MATCH = YES;
				COPY_PHASE_STRIP = NO;
				DEBUG_INFORMATION_FORMAT = "dwarf-with-dsym";
				ENABLE_NS_ASSERTIONS = NO;
				ENABLE_STRICT_OBJC_MSGSEND = YES;
				GCC_C_LANGUAGE_STANDARD = gnu11;
				GCC_NO_COMMON_BLOCKS = YES;
				GCC_WARN_64_TO_32_BIT_CONVERSION = YES;
				GCC_WARN_ABOUT_RETURN_TYPE = YES_ERROR;
				GCC_WARN_UNDECLARED_SELECTOR = YES;
				GCC_WARN_UNINITIALIZED_AUTOS = YES_AGGRESSIVE;
				GCC_WARN_UNUSED_FUNCTION = YES;
				GCC_WARN_UNUSED_VARIABLE = YES;
				IPHONEOS_DEPLOYMENT_TARGET = 14.5;
				MTL_ENABLE_DEBUG_INFO = NO;
				MTL_FAST_MATH = YES;
				SDKROOT = iphoneos;
				SWIFT_COMPILATION_MODE = wholemodule;
				SWIFT_OPTIMIZATION_LEVEL = "-O";
				VALIDATE_PRODUCT = YES;
			};
			name = Release;
		};
		BF46F3602658D8290032626B /* Debug */ = {
			isa = XCBuildConfiguration;
			buildSettings = {
				ASSETCATALOG_COMPILER_APPICON_NAME = AppIcon;
				ASSETCATALOG_COMPILER_GLOBAL_ACCENT_COLOR_NAME = AccentColor;
				CODE_SIGN_STYLE = Automatic;
				DEVELOPMENT_TEAM = N492VC6PS9;
				INFOPLIST_FILE = bitCon/Info.plist;
				LD_RUNPATH_SEARCH_PATHS = (
					"$(inherited)",
					"@executable_path/Frameworks",
				);
				PRODUCT_BUNDLE_IDENTIFIER = com.dzhiphop.bitCon;
				PRODUCT_NAME = "$(TARGET_NAME)";
				SWIFT_VERSION = 5.0;
				TARGETED_DEVICE_FAMILY = 1;
			};
			name = Debug;
		};
		BF46F3612658D8290032626B /* Release */ = {
			isa = XCBuildConfiguration;
			buildSettings = {
				ASSETCATALOG_COMPILER_APPICON_NAME = AppIcon;
				ASSETCATALOG_COMPILER_GLOBAL_ACCENT_COLOR_NAME = AccentColor;
				CODE_SIGN_STYLE = Automatic;
				DEVELOPMENT_TEAM = N492VC6PS9;
				INFOPLIST_FILE = bitCon/Info.plist;
				LD_RUNPATH_SEARCH_PATHS = (
					"$(inherited)",
					"@executable_path/Frameworks",
				);
				PRODUCT_BUNDLE_IDENTIFIER = com.dzhiphop.bitCon;
				PRODUCT_NAME = "$(TARGET_NAME)";
				SWIFT_VERSION = 5.0;
				TARGETED_DEVICE_FAMILY = 1;
			};
			name = Release;
		};
/* End XCBuildConfiguration section */

/* Begin XCConfigurationList section */
		BF46F3462658D8250032626B /* Build configuration list for PBXProject "bitCon" */ = {
			isa = XCConfigurationList;
			buildConfigurations = (
				BF46F35D2658D8290032626B /* Debug */,
				BF46F35E2658D8290032626B /* Release */,
			);
			defaultConfigurationIsVisible = 0;
			defaultConfigurationName = Release;
		};
		BF46F35F2658D8290032626B /* Build configuration list for PBXNativeTarget "bitCon" */ = {
			isa = XCConfigurationList;
			buildConfigurations = (
				BF46F3602658D8290032626B /* Debug */,
				BF46F3612658D8290032626B /* Release */,
			);
			defaultConfigurationIsVisible = 0;
			defaultConfigurationName = Release;
		};
/* End XCConfigurationList section */
	};
	rootObject = BF46F3432658D8250032626B /* Project object */;
}
